
set_global_assignment -name FAMILY "Cyclone IV E"
set_global_assignment -name DEVICE EP4CE6E22C8
set_global_assignment -name TOP_LEVEL_ENTITY seg_test
set_global_assignment -name LAST_QUARTUS_VERSION "22.1std.0 Lite Edition"
set_global_assignment -name PROJECT_OUTPUT_DIRECTORY output_files
set_global_assignment -name MIN_CORE_JUNCTION_TEMP 0
set_global_assignment -name MAX_CORE_JUNCTION_TEMP 85
set_global_assignment -name ERROR_CHECK_FREQUENCY_DIVISOR 1
set_global_assignment -name PARTITION_NETLIST_TYPE SOURCE -section_id Top
set_global_assignment -name PARTITION_FITTER_PRESERVATION_LEVEL PLACEMENT_AND_ROUTING -section_id Top
set_global_assignment -name PARTITION_COLOR 16764057 -section_id Top
set_global_assignment -name STRATIX_DEVICE_IO_STANDARD "3.3-V LVTTL"
set_global_assignment -name RESERVE_ALL_UNUSED_PINS_WEAK_PULLUP "AS INPUT TRI-STATED"
set_global_assignment -name CYCLONEII_RESERVE_NCEO_AFTER_CONFIGURATION "USE AS REGULAR IO"
set_global_assignment -name RESERVE_DATA0_AFTER_CONFIGURATION "USE AS REGULAR IO"
set_global_assignment -name RESERVE_DATA1_AFTER_CONFIGURATION "USE AS REGULAR IO"
set_global_assignment -name RESERVE_FLASH_NCE_AFTER_CONFIGURATION "USE AS REGULAR IO"
set_global_assignment -name RESERVE_DCLK_AFTER_CONFIGURATION "USE AS REGULAR IO"
set_global_assignment -name POWER_PRESET_COOLING_SOLUTION "23 MM HEAT SINK WITH 200 LFPM AIRFLOW"
set_global_assignment -name POWER_BOARD_THERMAL_MODEL "NONE (CONSERVATIVE)"
set_global_assignment -name EDA_SIMULATION_TOOL "ModelSim (Verilog)"
set_global_assignment -name EDA_TIME_SCALE "1 ps" -section_id eda_simulation
set_global_assignment -name EDA_OUTPUT_DATA_FORMAT "VERILOG HDL" -section_id eda_simulation
set_global_assignment -name EDA_TEST_BENCH_ENABLE_STATUS TEST_BENCH_MODE -section_id eda_simulation
set_global_assignment -name EDA_NATIVELINK_SIMULATION_TEST_BENCH tb_seg_test -section_id eda_simulation
set_global_assignment -name VERILOG_FILE src/count_m2.v
set_global_assignment -name VERILOG_FILE src/count_m6.v
set_global_assignment -name VERILOG_FILE src/seg_test.v
set_global_assignment -name VERILOG_FILE src/seg_scan.v
set_global_assignment -name VERILOG_FILE src/seg_decoder.v
set_global_assignment -name VERILOG_FILE src/count_m10.v
set_location_assignment PIN_23 -to clk
set_location_assignment PIN_141 -to rst_n
set_location_assignment PIN_11 -to seg_data_0[1]
set_location_assignment PIN_10 -to seg_data_0[0]
set_location_assignment PIN_3 -to seg_data_0[2]
set_location_assignment PIN_7 -to seg_data_0[3]
set_location_assignment PIN_28 -to seg_data_0[4]
set_location_assignment PIN_31 -to seg_data_0[5]
set_location_assignment PIN_30 -to seg_data_0[6]
set_location_assignment PIN_124 -to seg_data_1[6]
set_location_assignment PIN_127 -to seg_data_1[5]
set_location_assignment PIN_125 -to seg_data_1[4]
set_location_assignment PIN_120 -to seg_data_1[3]
set_location_assignment PIN_128 -to seg_data_1[2]
set_location_assignment PIN_129 -to seg_data_1[1]
set_location_assignment PIN_126 -to seg_data_1[0]
set_location_assignment PIN_42 -to seg_data_2[6]
set_location_assignment PIN_43 -to seg_data_2[5]
set_location_assignment PIN_39 -to seg_data_2[4]
set_location_assignment PIN_38 -to seg_data_2[3]
set_location_assignment PIN_34 -to seg_data_2[2]
set_location_assignment PIN_33 -to seg_data_2[1]
set_location_assignment PIN_32 -to seg_data_2[0]
set_location_assignment PIN_114 -to seg_data_3[6]
set_location_assignment PIN_113 -to seg_data_3[5]
set_location_assignment PIN_110 -to seg_data_3[4]
set_location_assignment PIN_112 -to seg_data_3[3]
set_location_assignment PIN_121 -to seg_data_3[2]
set_location_assignment PIN_115 -to seg_data_3[1]
set_location_assignment PIN_119 -to seg_data_3[0]
set_location_assignment PIN_58 -to seg_data_4[6]
set_location_assignment PIN_59 -to seg_data_4[5]
set_location_assignment PIN_55 -to seg_data_4[4]
set_location_assignment PIN_54 -to seg_data_4[3]
set_location_assignment PIN_53 -to seg_data_4[2]
set_location_assignment PIN_52 -to seg_data_4[1]
set_location_assignment PIN_51 -to seg_data_4[0]
set_location_assignment PIN_87 -to seg_data_5[6]
set_location_assignment PIN_98 -to seg_data_5[5]
set_location_assignment PIN_86 -to seg_data_5[4]
set_location_assignment PIN_85 -to seg_data_5[3]
set_location_assignment PIN_101 -to seg_data_5[2]
set_location_assignment PIN_100 -to seg_data_5[1]
set_location_assignment PIN_99 -to seg_data_5[0]
set_location_assignment PIN_68 -to seg_data_6[6]
set_location_assignment PIN_69 -to seg_data_6[5]
set_location_assignment PIN_67 -to seg_data_6[4]
set_location_assignment PIN_66 -to seg_data_6[3]
set_location_assignment PIN_65 -to seg_data_6[2]
set_location_assignment PIN_64 -to seg_data_6[1]
set_location_assignment PIN_60 -to seg_data_6[0]
set_location_assignment PIN_76 -to seg_data_7[6]
set_location_assignment PIN_77 -to seg_data_7[5]
set_location_assignment PIN_75 -to seg_data_7[4]
set_location_assignment PIN_74 -to seg_data_7[3]
set_location_assignment PIN_84 -to seg_data_7[2]
set_location_assignment PIN_83 -to seg_data_7[1]
set_location_assignment PIN_80 -to seg_data_7[0]
set_global_assignment -name ENABLE_SIGNALTAP ON
set_global_assignment -name USE_SIGNALTAP_FILE output_files/stp1.stp
set_global_assignment -name SIGNALTAP_FILE output_files/stp1.stp
set_global_assignment -name SLD_NODE_CREATOR_ID 110 -section_id auto_signaltap_0
set_global_assignment -name SLD_NODE_ENTITY_NAME sld_signaltap -section_id auto_signaltap_0
set_instance_assignment -name CONNECT_TO_SLD_NODE_ENTITY_PORT acq_clk -to clk -section_id auto_signaltap_0
set_global_assignment -name SLD_NODE_PARAMETER_ASSIGNMENT "SLD_RAM_BLOCK_TYPE=AUTO" -section_id auto_signaltap_0
set_global_assignment -name SLD_NODE_PARAMETER_ASSIGNMENT "SLD_NODE_INFO=805334528" -section_id auto_signaltap_0
set_global_assignment -name SLD_NODE_PARAMETER_ASSIGNMENT "SLD_POWER_UP_TRIGGER=0" -section_id auto_signaltap_0
set_global_assignment -name SLD_NODE_PARAMETER_ASSIGNMENT "SLD_STORAGE_QUALIFIER_INVERSION_MASK_LENGTH=0" -section_id auto_signaltap_0
set_global_assignment -name SLD_NODE_PARAMETER_ASSIGNMENT "SLD_SEGMENT_SIZE=128" -section_id auto_signaltap_0
set_global_assignment -name SLD_NODE_PARAMETER_ASSIGNMENT "SLD_ATTRIBUTE_MEM_MODE=OFF" -section_id auto_signaltap_0
set_global_assignment -name SLD_NODE_PARAMETER_ASSIGNMENT "SLD_STATE_FLOW_USE_GENERATED=0" -section_id auto_signaltap_0
set_global_assignment -name SLD_NODE_PARAMETER_ASSIGNMENT "SLD_STATE_BITS=11" -section_id auto_signaltap_0
set_global_assignment -name SLD_NODE_PARAMETER_ASSIGNMENT "SLD_BUFFER_FULL_STOP=1" -section_id auto_signaltap_0
set_global_assignment -name SLD_NODE_PARAMETER_ASSIGNMENT "SLD_CURRENT_RESOURCE_WIDTH=1" -section_id auto_signaltap_0
set_global_assignment -name SLD_NODE_PARAMETER_ASSIGNMENT "SLD_INCREMENTAL_ROUTING=1" -section_id auto_signaltap_0
set_instance_assignment -name POST_FIT_CONNECT_TO_SLD_NODE_ENTITY_PORT crc[2] -to auto_signaltap_0|vcc -section_id auto_signaltap_0
set_instance_assignment -name POST_FIT_CONNECT_TO_SLD_NODE_ENTITY_PORT crc[3] -to auto_signaltap_0|gnd -section_id auto_signaltap_0
set_instance_assignment -name POST_FIT_CONNECT_TO_SLD_NODE_ENTITY_PORT crc[6] -to auto_signaltap_0|gnd -section_id auto_signaltap_0
set_instance_assignment -name POST_FIT_CONNECT_TO_SLD_NODE_ENTITY_PORT crc[9] -to auto_signaltap_0|vcc -section_id auto_signaltap_0
set_instance_assignment -name POST_FIT_CONNECT_TO_SLD_NODE_ENTITY_PORT crc[11] -to auto_signaltap_0|gnd -section_id auto_signaltap_0
set_instance_assignment -name POST_FIT_CONNECT_TO_SLD_NODE_ENTITY_PORT crc[15] -to auto_signaltap_0|vcc -section_id auto_signaltap_0
set_instance_assignment -name POST_FIT_CONNECT_TO_SLD_NODE_ENTITY_PORT crc[18] -to auto_signaltap_0|vcc -section_id auto_signaltap_0
set_instance_assignment -name POST_FIT_CONNECT_TO_SLD_NODE_ENTITY_PORT crc[27] -to auto_signaltap_0|vcc -section_id auto_signaltap_0
set_global_assignment -name SLD_NODE_PARAMETER_ASSIGNMENT "SLD_TRIGGER_LEVEL=1" -section_id auto_signaltap_0
set_global_assignment -name SLD_NODE_PARAMETER_ASSIGNMENT "SLD_SAMPLE_DEPTH=128" -section_id auto_signaltap_0
set_global_assignment -name SLD_NODE_PARAMETER_ASSIGNMENT "SLD_TRIGGER_IN_ENABLED=0" -section_id auto_signaltap_0
set_global_assignment -name SLD_NODE_PARAMETER_ASSIGNMENT "SLD_TRIGGER_PIPELINE=0" -section_id auto_signaltap_0
set_global_assignment -name SLD_NODE_PARAMETER_ASSIGNMENT "SLD_RAM_PIPELINE=0" -section_id auto_signaltap_0
set_global_assignment -name SLD_NODE_PARAMETER_ASSIGNMENT "SLD_COUNTER_PIPELINE=0" -section_id auto_signaltap_0
set_global_assignment -name SLD_NODE_PARAMETER_ASSIGNMENT "SLD_ADVANCED_TRIGGER_ENTITY=basic,1," -section_id auto_signaltap_0
set_global_assignment -name SLD_NODE_PARAMETER_ASSIGNMENT "SLD_TRIGGER_LEVEL_PIPELINE=1" -section_id auto_signaltap_0
set_global_assignment -name SLD_NODE_PARAMETER_ASSIGNMENT "SLD_ENABLE_ADVANCED_TRIGGER=0" -section_id auto_signaltap_0
set_instance_assignment -name POST_FIT_CONNECT_TO_SLD_NODE_ENTITY_PORT crc[7] -to auto_signaltap_0|gnd -section_id auto_signaltap_0
set_instance_assignment -name POST_FIT_CONNECT_TO_SLD_NODE_ENTITY_PORT crc[8] -to auto_signaltap_0|vcc -section_id auto_signaltap_0
set_instance_assignment -name POST_FIT_CONNECT_TO_SLD_NODE_ENTITY_PORT crc[20] -to auto_signaltap_0|gnd -section_id auto_signaltap_0
set_instance_assignment -name POST_FIT_CONNECT_TO_SLD_NODE_ENTITY_PORT crc[29] -to auto_signaltap_0|gnd -section_id auto_signaltap_0
set_global_assignment -name VERILOG_FILE src/uart_rx.v
set_global_assignment -name VERILOG_FILE src/uart_seg.v
set_location_assignment PIN_138 -to rx
set_instance_assignment -name POST_FIT_CONNECT_TO_SLD_NODE_ENTITY_PORT acq_trigger_in[0] -to "uart_seg:uart_seg_inst|data_out[0]" -section_id auto_signaltap_0
set_instance_assignment -name POST_FIT_CONNECT_TO_SLD_NODE_ENTITY_PORT acq_trigger_in[1] -to "uart_seg:uart_seg_inst|data_out[10]" -section_id auto_signaltap_0
set_instance_assignment -name POST_FIT_CONNECT_TO_SLD_NODE_ENTITY_PORT acq_trigger_in[2] -to "uart_seg:uart_seg_inst|data_out[11]" -section_id auto_signaltap_0
set_instance_assignment -name POST_FIT_CONNECT_TO_SLD_NODE_ENTITY_PORT acq_trigger_in[3] -to "uart_seg:uart_seg_inst|data_out[12]" -section_id auto_signaltap_0
set_instance_assignment -name POST_FIT_CONNECT_TO_SLD_NODE_ENTITY_PORT acq_trigger_in[4] -to "uart_seg:uart_seg_inst|data_out[13]" -section_id auto_signaltap_0
set_instance_assignment -name POST_FIT_CONNECT_TO_SLD_NODE_ENTITY_PORT acq_trigger_in[5] -to "uart_seg:uart_seg_inst|data_out[14]" -section_id auto_signaltap_0
set_instance_assignment -name POST_FIT_CONNECT_TO_SLD_NODE_ENTITY_PORT acq_trigger_in[6] -to "uart_seg:uart_seg_inst|data_out[15]" -section_id auto_signaltap_0
set_instance_assignment -name POST_FIT_CONNECT_TO_SLD_NODE_ENTITY_PORT acq_trigger_in[7] -to "uart_seg:uart_seg_inst|data_out[16]" -section_id auto_signaltap_0
set_instance_assignment -name POST_FIT_CONNECT_TO_SLD_NODE_ENTITY_PORT acq_trigger_in[8] -to "uart_seg:uart_seg_inst|data_out[17]" -section_id auto_signaltap_0
set_instance_assignment -name POST_FIT_CONNECT_TO_SLD_NODE_ENTITY_PORT acq_trigger_in[9] -to "uart_seg:uart_seg_inst|data_out[18]" -section_id auto_signaltap_0
set_instance_assignment -name POST_FIT_CONNECT_TO_SLD_NODE_ENTITY_PORT acq_trigger_in[10] -to "uart_seg:uart_seg_inst|data_out[19]" -section_id auto_signaltap_0
set_instance_assignment -name POST_FIT_CONNECT_TO_SLD_NODE_ENTITY_PORT acq_trigger_in[11] -to "uart_seg:uart_seg_inst|data_out[1]" -section_id auto_signaltap_0
set_instance_assignment -name POST_FIT_CONNECT_TO_SLD_NODE_ENTITY_PORT acq_trigger_in[12] -to "uart_seg:uart_seg_inst|data_out[20]" -section_id auto_signaltap_0
set_instance_assignment -name POST_FIT_CONNECT_TO_SLD_NODE_ENTITY_PORT acq_trigger_in[13] -to "uart_seg:uart_seg_inst|data_out[21]" -section_id auto_signaltap_0
set_instance_assignment -name POST_FIT_CONNECT_TO_SLD_NODE_ENTITY_PORT acq_trigger_in[14] -to "uart_seg:uart_seg_inst|data_out[22]" -section_id auto_signaltap_0
set_instance_assignment -name POST_FIT_CONNECT_TO_SLD_NODE_ENTITY_PORT acq_trigger_in[15] -to "uart_seg:uart_seg_inst|data_out[23]" -section_id auto_signaltap_0
set_instance_assignment -name POST_FIT_CONNECT_TO_SLD_NODE_ENTITY_PORT acq_trigger_in[16] -to "uart_seg:uart_seg_inst|data_out[24]" -section_id auto_signaltap_0
set_instance_assignment -name POST_FIT_CONNECT_TO_SLD_NODE_ENTITY_PORT acq_trigger_in[17] -to "uart_seg:uart_seg_inst|data_out[25]" -section_id auto_signaltap_0
set_instance_assignment -name POST_FIT_CONNECT_TO_SLD_NODE_ENTITY_PORT acq_trigger_in[18] -to "uart_seg:uart_seg_inst|data_out[26]" -section_id auto_signaltap_0
set_instance_assignment -name POST_FIT_CONNECT_TO_SLD_NODE_ENTITY_PORT acq_trigger_in[19] -to "uart_seg:uart_seg_inst|data_out[27]" -section_id auto_signaltap_0
set_instance_assignment -name POST_FIT_CONNECT_TO_SLD_NODE_ENTITY_PORT acq_trigger_in[20] -to "uart_seg:uart_seg_inst|data_out[28]" -section_id auto_signaltap_0
set_instance_assignment -name POST_FIT_CONNECT_TO_SLD_NODE_ENTITY_PORT acq_trigger_in[21] -to "uart_seg:uart_seg_inst|data_out[29]" -section_id auto_signaltap_0
set_instance_assignment -name POST_FIT_CONNECT_TO_SLD_NODE_ENTITY_PORT acq_trigger_in[22] -to "uart_seg:uart_seg_inst|data_out[2]" -section_id auto_signaltap_0
set_instance_assignment -name POST_FIT_CONNECT_TO_SLD_NODE_ENTITY_PORT acq_trigger_in[23] -to "uart_seg:uart_seg_inst|data_out[30]" -section_id auto_signaltap_0
set_instance_assignment -name POST_FIT_CONNECT_TO_SLD_NODE_ENTITY_PORT acq_trigger_in[24] -to "uart_seg:uart_seg_inst|data_out[31]" -section_id auto_signaltap_0
set_instance_assignment -name POST_FIT_CONNECT_TO_SLD_NODE_ENTITY_PORT acq_trigger_in[25] -to "uart_seg:uart_seg_inst|data_out[3]" -section_id auto_signaltap_0
set_instance_assignment -name POST_FIT_CONNECT_TO_SLD_NODE_ENTITY_PORT acq_trigger_in[26] -to "uart_seg:uart_seg_inst|data_out[4]" -section_id auto_signaltap_0
set_instance_assignment -name POST_FIT_CONNECT_TO_SLD_NODE_ENTITY_PORT acq_trigger_in[27] -to "uart_seg:uart_seg_inst|data_out[5]" -section_id auto_signaltap_0
set_instance_assignment -name POST_FIT_CONNECT_TO_SLD_NODE_ENTITY_PORT acq_trigger_in[28] -to "uart_seg:uart_seg_inst|data_out[6]" -section_id auto_signaltap_0
set_instance_assignment -name POST_FIT_CONNECT_TO_SLD_NODE_ENTITY_PORT acq_trigger_in[29] -to "uart_seg:uart_seg_inst|data_out[7]" -section_id auto_signaltap_0
set_instance_assignment -name POST_FIT_CONNECT_TO_SLD_NODE_ENTITY_PORT acq_trigger_in[30] -to "uart_seg:uart_seg_inst|data_out[8]" -section_id auto_signaltap_0
set_instance_assignment -name POST_FIT_CONNECT_TO_SLD_NODE_ENTITY_PORT acq_trigger_in[31] -to "uart_seg:uart_seg_inst|data_out[9]" -section_id auto_signaltap_0
set_instance_assignment -name POST_FIT_CONNECT_TO_SLD_NODE_ENTITY_PORT acq_data_in[0] -to "uart_seg:uart_seg_inst|data_out[0]" -section_id auto_signaltap_0
set_instance_assignment -name POST_FIT_CONNECT_TO_SLD_NODE_ENTITY_PORT acq_data_in[1] -to "uart_seg:uart_seg_inst|data_out[10]" -section_id auto_signaltap_0
set_instance_assignment -name POST_FIT_CONNECT_TO_SLD_NODE_ENTITY_PORT acq_data_in[2] -to "uart_seg:uart_seg_inst|data_out[11]" -section_id auto_signaltap_0
set_instance_assignment -name POST_FIT_CONNECT_TO_SLD_NODE_ENTITY_PORT acq_data_in[3] -to "uart_seg:uart_seg_inst|data_out[12]" -section_id auto_signaltap_0
set_instance_assignment -name POST_FIT_CONNECT_TO_SLD_NODE_ENTITY_PORT acq_data_in[4] -to "uart_seg:uart_seg_inst|data_out[13]" -section_id auto_signaltap_0
set_instance_assignment -name POST_FIT_CONNECT_TO_SLD_NODE_ENTITY_PORT acq_data_in[5] -to "uart_seg:uart_seg_inst|data_out[14]" -section_id auto_signaltap_0
set_instance_assignment -name POST_FIT_CONNECT_TO_SLD_NODE_ENTITY_PORT acq_data_in[6] -to "uart_seg:uart_seg_inst|data_out[15]" -section_id auto_signaltap_0
set_instance_assignment -name POST_FIT_CONNECT_TO_SLD_NODE_ENTITY_PORT acq_data_in[7] -to "uart_seg:uart_seg_inst|data_out[16]" -section_id auto_signaltap_0
set_instance_assignment -name POST_FIT_CONNECT_TO_SLD_NODE_ENTITY_PORT acq_data_in[8] -to "uart_seg:uart_seg_inst|data_out[17]" -section_id auto_signaltap_0
set_instance_assignment -name POST_FIT_CONNECT_TO_SLD_NODE_ENTITY_PORT acq_data_in[9] -to "uart_seg:uart_seg_inst|data_out[18]" -section_id auto_signaltap_0
set_instance_assignment -name POST_FIT_CONNECT_TO_SLD_NODE_ENTITY_PORT acq_data_in[10] -to "uart_seg:uart_seg_inst|data_out[19]" -section_id auto_signaltap_0
set_instance_assignment -name POST_FIT_CONNECT_TO_SLD_NODE_ENTITY_PORT acq_data_in[11] -to "uart_seg:uart_seg_inst|data_out[1]" -section_id auto_signaltap_0
set_instance_assignment -name POST_FIT_CONNECT_TO_SLD_NODE_ENTITY_PORT acq_data_in[12] -to "uart_seg:uart_seg_inst|data_out[20]" -section_id auto_signaltap_0
set_instance_assignment -name POST_FIT_CONNECT_TO_SLD_NODE_ENTITY_PORT acq_data_in[13] -to "uart_seg:uart_seg_inst|data_out[21]" -section_id auto_signaltap_0
set_instance_assignment -name POST_FIT_CONNECT_TO_SLD_NODE_ENTITY_PORT acq_data_in[14] -to "uart_seg:uart_seg_inst|data_out[22]" -section_id auto_signaltap_0
set_instance_assignment -name POST_FIT_CONNECT_TO_SLD_NODE_ENTITY_PORT acq_data_in[15] -to "uart_seg:uart_seg_inst|data_out[23]" -section_id auto_signaltap_0
set_instance_assignment -name POST_FIT_CONNECT_TO_SLD_NODE_ENTITY_PORT acq_data_in[16] -to "uart_seg:uart_seg_inst|data_out[24]" -section_id auto_signaltap_0
set_instance_assignment -name POST_FIT_CONNECT_TO_SLD_NODE_ENTITY_PORT acq_data_in[17] -to "uart_seg:uart_seg_inst|data_out[25]" -section_id auto_signaltap_0
set_instance_assignment -name POST_FIT_CONNECT_TO_SLD_NODE_ENTITY_PORT acq_data_in[18] -to "uart_seg:uart_seg_inst|data_out[26]" -section_id auto_signaltap_0
set_instance_assignment -name POST_FIT_CONNECT_TO_SLD_NODE_ENTITY_PORT acq_data_in[19] -to "uart_seg:uart_seg_inst|data_out[27]" -section_id auto_signaltap_0
set_instance_assignment -name POST_FIT_CONNECT_TO_SLD_NODE_ENTITY_PORT acq_data_in[20] -to "uart_seg:uart_seg_inst|data_out[28]" -section_id auto_signaltap_0
set_instance_assignment -name POST_FIT_CONNECT_TO_SLD_NODE_ENTITY_PORT acq_data_in[21] -to "uart_seg:uart_seg_inst|data_out[29]" -section_id auto_signaltap_0
set_instance_assignment -name POST_FIT_CONNECT_TO_SLD_NODE_ENTITY_PORT acq_data_in[22] -to "uart_seg:uart_seg_inst|data_out[2]" -section_id auto_signaltap_0
set_instance_assignment -name POST_FIT_CONNECT_TO_SLD_NODE_ENTITY_PORT acq_data_in[23] -to "uart_seg:uart_seg_inst|data_out[30]" -section_id auto_signaltap_0
set_instance_assignment -name POST_FIT_CONNECT_TO_SLD_NODE_ENTITY_PORT acq_data_in[24] -to "uart_seg:uart_seg_inst|data_out[31]" -section_id auto_signaltap_0
set_instance_assignment -name POST_FIT_CONNECT_TO_SLD_NODE_ENTITY_PORT acq_data_in[25] -to "uart_seg:uart_seg_inst|data_out[3]" -section_id auto_signaltap_0
set_instance_assignment -name POST_FIT_CONNECT_TO_SLD_NODE_ENTITY_PORT acq_data_in[26] -to "uart_seg:uart_seg_inst|data_out[4]" -section_id auto_signaltap_0
set_instance_assignment -name POST_FIT_CONNECT_TO_SLD_NODE_ENTITY_PORT acq_data_in[27] -to "uart_seg:uart_seg_inst|data_out[5]" -section_id auto_signaltap_0
set_instance_assignment -name POST_FIT_CONNECT_TO_SLD_NODE_ENTITY_PORT acq_data_in[28] -to "uart_seg:uart_seg_inst|data_out[6]" -section_id auto_signaltap_0
set_instance_assignment -name POST_FIT_CONNECT_TO_SLD_NODE_ENTITY_PORT acq_data_in[29] -to "uart_seg:uart_seg_inst|data_out[7]" -section_id auto_signaltap_0
set_instance_assignment -name POST_FIT_CONNECT_TO_SLD_NODE_ENTITY_PORT acq_data_in[30] -to "uart_seg:uart_seg_inst|data_out[8]" -section_id auto_signaltap_0
set_instance_assignment -name POST_FIT_CONNECT_TO_SLD_NODE_ENTITY_PORT acq_data_in[31] -to "uart_seg:uart_seg_inst|data_out[9]" -section_id auto_signaltap_0
set_global_assignment -name SLD_NODE_PARAMETER_ASSIGNMENT "SLD_DATA_BITS=32" -section_id auto_signaltap_0
set_global_assignment -name SLD_NODE_PARAMETER_ASSIGNMENT "SLD_TRIGGER_BITS=32" -section_id auto_signaltap_0
set_global_assignment -name SLD_NODE_PARAMETER_ASSIGNMENT "SLD_STORAGE_QUALIFIER_BITS=32" -section_id auto_signaltap_0
set_global_assignment -name SLD_NODE_PARAMETER_ASSIGNMENT "SLD_INVERSION_MASK=000000000000000000000000000000000000000000000000000000000000000000000000000000000000000000000000000000000000000000000" -section_id auto_signaltap_0
set_global_assignment -name SLD_NODE_PARAMETER_ASSIGNMENT "SLD_INVERSION_MASK_LENGTH=117" -section_id auto_signaltap_0
set_instance_assignment -name POST_FIT_CONNECT_TO_SLD_NODE_ENTITY_PORT crc[0] -to auto_signaltap_0|vcc -section_id auto_signaltap_0
set_instance_assignment -name POST_FIT_CONNECT_TO_SLD_NODE_ENTITY_PORT crc[1] -to auto_signaltap_0|gnd -section_id auto_signaltap_0
set_instance_assignment -name POST_FIT_CONNECT_TO_SLD_NODE_ENTITY_PORT crc[4] -to auto_signaltap_0|vcc -section_id auto_signaltap_0
set_instance_assignment -name POST_FIT_CONNECT_TO_SLD_NODE_ENTITY_PORT crc[5] -to auto_signaltap_0|vcc -section_id auto_signaltap_0
set_instance_assignment -name POST_FIT_CONNECT_TO_SLD_NODE_ENTITY_PORT crc[10] -to auto_signaltap_0|vcc -section_id auto_signaltap_0
set_instance_assignment -name POST_FIT_CONNECT_TO_SLD_NODE_ENTITY_PORT crc[12] -to auto_signaltap_0|gnd -section_id auto_signaltap_0
set_instance_assignment -name POST_FIT_CONNECT_TO_SLD_NODE_ENTITY_PORT crc[13] -to auto_signaltap_0|gnd -section_id auto_signaltap_0
set_instance_assignment -name POST_FIT_CONNECT_TO_SLD_NODE_ENTITY_PORT crc[14] -to auto_signaltap_0|gnd -section_id auto_signaltap_0
set_instance_assignment -name POST_FIT_CONNECT_TO_SLD_NODE_ENTITY_PORT crc[16] -to auto_signaltap_0|vcc -section_id auto_signaltap_0
set_instance_assignment -name POST_FIT_CONNECT_TO_SLD_NODE_ENTITY_PORT crc[17] -to auto_signaltap_0|gnd -section_id auto_signaltap_0
set_instance_assignment -name POST_FIT_CONNECT_TO_SLD_NODE_ENTITY_PORT crc[19] -to auto_signaltap_0|vcc -section_id auto_signaltap_0
set_instance_assignment -name POST_FIT_CONNECT_TO_SLD_NODE_ENTITY_PORT crc[21] -to auto_signaltap_0|vcc -section_id auto_signaltap_0
set_instance_assignment -name POST_FIT_CONNECT_TO_SLD_NODE_ENTITY_PORT crc[22] -to auto_signaltap_0|gnd -section_id auto_signaltap_0
set_instance_assignment -name POST_FIT_CONNECT_TO_SLD_NODE_ENTITY_PORT crc[23] -to auto_signaltap_0|vcc -section_id auto_signaltap_0
set_instance_assignment -name POST_FIT_CONNECT_TO_SLD_NODE_ENTITY_PORT crc[24] -to auto_signaltap_0|vcc -section_id auto_signaltap_0
set_instance_assignment -name POST_FIT_CONNECT_TO_SLD_NODE_ENTITY_PORT crc[25] -to auto_signaltap_0|gnd -section_id auto_signaltap_0
set_instance_assignment -name POST_FIT_CONNECT_TO_SLD_NODE_ENTITY_PORT crc[26] -to auto_signaltap_0|gnd -section_id auto_signaltap_0
set_instance_assignment -name POST_FIT_CONNECT_TO_SLD_NODE_ENTITY_PORT crc[28] -to auto_signaltap_0|gnd -section_id auto_signaltap_0
set_instance_assignment -name POST_FIT_CONNECT_TO_SLD_NODE_ENTITY_PORT crc[30] -to auto_signaltap_0|gnd -section_id auto_signaltap_0
set_instance_assignment -name POST_FIT_CONNECT_TO_SLD_NODE_ENTITY_PORT crc[31] -to auto_signaltap_0|gnd -section_id auto_signaltap_0
set_global_assignment -name VERILOG_FILE src/tb_seg_test.v
set_global_assignment -name EDA_TEST_BENCH_NAME tb_seg_test -section_id eda_simulation
set_global_assignment -name EDA_DESIGN_INSTANCE_NAME NA -section_id tb_seg_test
set_global_assignment -name EDA_TEST_BENCH_MODULE_NAME tb_seg_test -section_id tb_seg_test
set_global_assignment -name EDA_TEST_BENCH_FILE src/tb_seg_test.v -section_id tb_seg_test
set_global_assignment -name VERILOG_FILE src/seg_test_time.v
set_global_assignment -name EDA_GENERATE_FUNCTIONAL_NETLIST ON -section_id eda_simulation
set_instance_assignment -name PARTITION_HIERARCHY root_partition -to | -section_id Top
set_global_assignment -name SLD_FILE db/stp1_auto_stripped.stp